
Microsoft Visual Studio Solution File, Format Version 12.00
# Visual Studio Version 18
VisualStudioVersion = 18.1.11304.174
MinimumVisualStudioVersion = 10.0.40219.1
Project("{2150E333-8FDC-42A3-9474-1A3956D46DE8}") = "src", "src", "{F36BD266-CD75-4438-9BF9-CD91CDB18F2B}"
EndProject
Project("{FAE04EC0-301F-11D3-BF4B-00C04F79EFBC}") = "PaymentGateway.Api", "src\PaymentGateway.Api\PaymentGateway.Api.csproj", "{3CD9AAA2-2097-4874-9C40-FFDE26EE8E43}"
EndProject
Project("{2150E333-8FDC-42A3-9474-1A3956D46DE8}") = "test", "test", "{1EF69307-274F-458E-BBE8-4D390512A8C6}"
EndProject
Project("{FAE04EC0-301F-11D3-BF4B-00C04F79EFBC}") = "PaymentGateway.DAL", "src\PaymentGateway.DAL\PaymentGateway.DAL.csproj", "{B16F03D8-EE36-4E7E-A983-8873D7555CF8}"
EndProject
Project("{FAE04EC0-301F-11D3-BF4B-00C04F79EFBC}") = "PaymentGateway.Domain", "src\PaymentGateway.Domain\PaymentGateway.Domain.csproj", "{1E8C7CEA-0084-42CD-8997-6DF844636F4B}"
EndProject
Project("{FAE04EC0-301F-11D3-BF4B-00C04F79EFBC}") = "PaymentGateway.Config", "src\PaymentGateway.Config\PaymentGateway.Config.csproj", "{CECB250F-9C9E-4C1C-AB5D-6FBDFB768F28}"
EndProject
Project("{FAE04EC0-301F-11D3-BF4B-00C04F79EFBC}") = "PaymentGateway.Shared", "src\PaymentGateway.Shared\PaymentGateway.Shared.csproj", "{71F1024D-911E-49A8-91AC-8F477715EE24}"
EndProject
Project("{FAE04EC0-301F-11D3-BF4B-00C04F79EFBC}") = "PaymentGateway.DAL.UnitTests", "test\PaymentGateway.DAL.UnitTests\PaymentGateway.DAL.UnitTests.csproj", "{2B7E9336-CA50-417D-A644-A85A30EA4313}"
EndProject
Project("{FAE04EC0-301F-11D3-BF4B-00C04F79EFBC}") = "PaymentGateway.Domain.UnitTests", "test\PaymentGateway.Domain.UnitTests\PaymentGateway.Domain.UnitTests.csproj", "{B255038F-D35A-4D0C-927B-35E599D10BA3}"
EndProject
Project("{FAE04EC0-301F-11D3-BF4B-00C04F79EFBC}") = "PaymentGateway.Api.UnitTests", "test\PaymentGateway.Api.UnitTests\PaymentGateway.Api.UnitTests.csproj", "{BE701F7B-EA15-4A1C-A9F4-F714FB1A4022}"
EndProject
Project("{FAE04EC0-301F-11D3-BF4B-00C04F79EFBC}") = "PaymentGateway.Tests.Shared", "test\PaymentGateway.Tests.Shared\PaymentGateway.Tests.Shared.csproj", "{D21134C8-59BD-469F-88B1-A683BD2F7124}"
EndProject
Project("{FAE04EC0-301F-11D3-BF4B-00C04F79EFBC}") = "PaymentGateway.IntegrationTests", "test\PaymentGateway.IntegrationTests\PaymentGateway.IntegrationTests.csproj", "{53B9FDD5-814B-4196-9987-ED61ED083902}"
EndProject
Global
	GlobalSection(SolutionConfigurationPlatforms) = preSolution
		Debug|Any CPU = Debug|Any CPU
		Release|Any CPU = Release|Any CPU
	EndGlobalSection
	GlobalSection(ProjectConfigurationPlatforms) = postSolution
		{3CD9AAA2-2097-4874-9C40-FFDE26EE8E43}.Debug|Any CPU.ActiveCfg = Debug|Any CPU
		{3CD9AAA2-2097-4874-9C40-FFDE26EE8E43}.Debug|Any CPU.Build.0 = Debug|Any CPU
		{3CD9AAA2-2097-4874-9C40-FFDE26EE8E43}.Release|Any CPU.ActiveCfg = Release|Any CPU
		{3CD9AAA2-2097-4874-9C40-FFDE26EE8E43}.Release|Any CPU.Build.0 = Release|Any CPU
		{B16F03D8-EE36-4E7E-A983-8873D7555CF8}.Debug|Any CPU.ActiveCfg = Debug|Any CPU
		{B16F03D8-EE36-4E7E-A983-8873D7555CF8}.Debug|Any CPU.Build.0 = Debug|Any CPU
		{B16F03D8-EE36-4E7E-A983-8873D7555CF8}.Release|Any CPU.ActiveCfg = Release|Any CPU
		{B16F03D8-EE36-4E7E-A983-8873D7555CF8}.Release|Any CPU.Build.0 = Release|Any CPU
		{1E8C7CEA-0084-42CD-8997-6DF844636F4B}.Debug|Any CPU.ActiveCfg = Debug|Any CPU
		{1E8C7CEA-0084-42CD-8997-6DF844636F4B}.Debug|Any CPU.Build.0 = Debug|Any CPU
		{1E8C7CEA-0084-42CD-8997-6DF844636F4B}.Release|Any CPU.ActiveCfg = Release|Any CPU
		{1E8C7CEA-0084-42CD-8997-6DF844636F4B}.Release|Any CPU.Build.0 = Release|Any CPU
		{CECB250F-9C9E-4C1C-AB5D-6FBDFB768F28}.Debug|Any CPU.ActiveCfg = Debug|Any CPU
		{CECB250F-9C9E-4C1C-AB5D-6FBDFB768F28}.Debug|Any CPU.Build.0 = Debug|Any CPU
		{CECB250F-9C9E-4C1C-AB5D-6FBDFB768F28}.Release|Any CPU.ActiveCfg = Release|Any CPU
		{CECB250F-9C9E-4C1C-AB5D-6FBDFB768F28}.Release|Any CPU.Build.0 = Release|Any CPU
		{71F1024D-911E-49A8-91AC-8F477715EE24}.Debug|Any CPU.ActiveCfg = Debug|Any CPU
		{71F1024D-911E-49A8-91AC-8F477715EE24}.Debug|Any CPU.Build.0 = Debug|Any CPU
		{71F1024D-911E-49A8-91AC-8F477715EE24}.Release|Any CPU.ActiveCfg = Release|Any CPU
		{71F1024D-911E-49A8-91AC-8F477715EE24}.Release|Any CPU.Build.0 = Release|Any CPU
		{2B7E9336-CA50-417D-A644-A85A30EA4313}.Debug|Any CPU.ActiveCfg = Debug|Any CPU
		{2B7E9336-CA50-417D-A644-A85A30EA4313}.Debug|Any CPU.Build.0 = Debug|Any CPU
		{2B7E9336-CA50-417D-A644-A85A30EA4313}.Release|Any CPU.ActiveCfg = Release|Any CPU
		{2B7E9336-CA50-417D-A644-A85A30EA4313}.Release|Any CPU.Build.0 = Release|Any CPU
		{B255038F-D35A-4D0C-927B-35E599D10BA3}.Debug|Any CPU.ActiveCfg = Debug|Any CPU
		{B255038F-D35A-4D0C-927B-35E599D10BA3}.Debug|Any CPU.Build.0 = Debug|Any CPU
		{B255038F-D35A-4D0C-927B-35E599D10BA3}.Release|Any CPU.ActiveCfg = Release|Any CPU
		{B255038F-D35A-4D0C-927B-35E599D10BA3}.Release|Any CPU.Build.0 = Release|Any CPU
		{BE701F7B-EA15-4A1C-A9F4-F714FB1A4022}.Debug|Any CPU.ActiveCfg = Debug|Any CPU
		{BE701F7B-EA15-4A1C-A9F4-F714FB1A4022}.Debug|Any CPU.Build.0 = Debug|Any CPU
		{BE701F7B-EA15-4A1C-A9F4-F714FB1A4022}.Release|Any CPU.ActiveCfg = Release|Any CPU
		{BE701F7B-EA15-4A1C-A9F4-F714FB1A4022}.Release|Any CPU.Build.0 = Release|Any CPU
		{D21134C8-59BD-469F-88B1-A683BD2F7124}.Debug|Any CPU.ActiveCfg = Debug|Any CPU
		{D21134C8-59BD-469F-88B1-A683BD2F7124}.Debug|Any CPU.Build.0 = Debug|Any CPU
		{D21134C8-59BD-469F-88B1-A683BD2F7124}.Release|Any CPU.ActiveCfg = Release|Any CPU
		{D21134C8-59BD-469F-88B1-A683BD2F7124}.Release|Any CPU.Build.0 = Release|Any CPU
		{53B9FDD5-814B-4196-9987-ED61ED083902}.Debug|Any CPU.ActiveCfg = Debug|Any CPU
		{53B9FDD5-814B-4196-9987-ED61ED083902}.Debug|Any CPU.Build.0 = Debug|Any CPU
		{53B9FDD5-814B-4196-9987-ED61ED083902}.Release|Any CPU.ActiveCfg = Release|Any CPU
		{53B9FDD5-814B-4196-9987-ED61ED083902}.Release|Any CPU.Build.0 = Release|Any CPU
	EndGlobalSection
	GlobalSection(SolutionProperties) = preSolution
		HideSolutionNode = FALSE
	EndGlobalSection
	GlobalSection(NestedProjects) = preSolution
		{3CD9AAA2-2097-4874-9C40-FFDE26EE8E43} = {F36BD266-CD75-4438-9BF9-CD91CDB18F2B}
		{B16F03D8-EE36-4E7E-A983-8873D7555CF8} = {F36BD266-CD75-4438-9BF9-CD91CDB18F2B}
		{1E8C7CEA-0084-42CD-8997-6DF844636F4B} = {F36BD266-CD75-4438-9BF9-CD91CDB18F2B}
		{CECB250F-9C9E-4C1C-AB5D-6FBDFB768F28} = {F36BD266-CD75-4438-9BF9-CD91CDB18F2B}
		{71F1024D-911E-49A8-91AC-8F477715EE24} = {F36BD266-CD75-4438-9BF9-CD91CDB18F2B}
		{2B7E9336-CA50-417D-A644-A85A30EA4313} = {1EF69307-274F-458E-BBE8-4D390512A8C6}
		{B255038F-D35A-4D0C-927B-35E599D10BA3} = {1EF69307-274F-458E-BBE8-4D390512A8C6}
		{BE701F7B-EA15-4A1C-A9F4-F714FB1A4022} = {1EF69307-274F-458E-BBE8-4D390512A8C6}
		{D21134C8-59BD-469F-88B1-A683BD2F7124} = {1EF69307-274F-458E-BBE8-4D390512A8C6}
		{53B9FDD5-814B-4196-9987-ED61ED083902} = {1EF69307-274F-458E-BBE8-4D390512A8C6}
	EndGlobalSection
	GlobalSection(ExtensibilityGlobals) = postSolution
		SolutionGuid = {F22CF55D-40A0-4CC8-BF57-83D0FFB6E137}
	EndGlobalSection
EndGlobal
